
Microsoft Visual Studio Solution File, Format Version 12.00
# Visual Studio Version 16
VisualStudioVersion = 16.0.30503.244
MinimumVisualStudioVersion = 10.0.40219.1
Project("{FAE04EC0-301F-11D3-BF4B-00C04F79EFBC}") = "ExamenVasnaPM03", "ExamenVasnaPM03\ExamenVasnaPM03.csproj", "{C80840C9-CD75-438C-A6A7-FCB4930ADDA0}"
EndProject
Global
	GlobalSection(SolutionConfigurationPlatforms) = preSolution
		Debug|Any CPU = Debug|Any CPU
		Release|Any CPU = Release|Any CPU
	EndGlobalSection
	GlobalSection(ProjectConfigurationPlatforms) = postSolution
		{C80840C9-CD75-438C-A6A7-FCB4930ADDA0}.Debug|Any CPU.ActiveCfg = Debug|Any CPU
		{C80840C9-CD75-438C-A6A7-FCB4930ADDA0}.Debug|Any CPU.Build.0 = Debug|Any CPU
		{C80840C9-CD75-438C-A6A7-FCB4930ADDA0}.Release|Any CPU.ActiveCfg = Release|Any CPU
		{C80840C9-CD75-438C-A6A7-FCB4930ADDA0}.Release|Any CPU.Build.0 = Release|Any CPU
	EndGlobalSection
	GlobalSection(SolutionProperties) = preSolution
		HideSolutionNode = FALSE
	EndGlobalSection
	GlobalSection(ExtensibilityGlobals) = postSolution
		SolutionGuid = {6EBE2E48-0FBD-4994-882D-AF06AE3053E2}
	EndGlobalSection
EndGlobal
